
Microsoft Visual Studio Solution File, Format Version 12.00
# Visual Studio Version 17
VisualStudioVersion = 17.14.36408.4 d17.14
MinimumVisualStudioVersion = 10.0.40219.1
Project("{FAE04EC0-301F-11D3-BF4B-00C04F79EFBC}") = "eLearning.Models.Common", "eLearning.Models.Common.csproj", "{EE115445-F05C-48C8-9F60-25E9E74C8B3C}"
EndProject
Global
	GlobalSection(SolutionConfigurationPlatforms) = preSolution
		Debug|Any CPU = Debug|Any CPU
		Release|Any CPU = Release|Any CPU
	EndGlobalSection
	GlobalSection(ProjectConfigurationPlatforms) = postSolution
		{EE115445-F05C-48C8-9F60-25E9E74C8B3C}.Debug|Any CPU.ActiveCfg = Debug|Any CPU
		{EE115445-F05C-48C8-9F60-25E9E74C8B3C}.Debug|Any CPU.Build.0 = Debug|Any CPU
		{EE115445-F05C-48C8-9F60-25E9E74C8B3C}.Release|Any CPU.ActiveCfg = Release|Any CPU
		{EE115445-F05C-48C8-9F60-25E9E74C8B3C}.Release|Any CPU.Build.0 = Release|Any CPU
	EndGlobalSection
	GlobalSection(SolutionProperties) = preSolution
		HideSolutionNode = FALSE
	EndGlobalSection
	GlobalSection(ExtensibilityGlobals) = postSolution
		SolutionGuid = {61D3043E-9ED5-4528-AF25-BFD56FB9A0BA}
	EndGlobalSection
EndGlobal
