
Microsoft Visual Studio Solution File, Format Version 12.00
# Visual Studio Version 17
VisualStudioVersion = 17.14.36408.4 d17.14
MinimumVisualStudioVersion = 10.0.40219.1
Project("{FAE04EC0-301F-11D3-BF4B-00C04F79EFBC}") = "eLearning.Models.Requests", "eLearning.Models.Requests.csproj", "{102DB724-596A-4DD1-BECC-2B4B730FA495}"
EndProject
Global
	GlobalSection(SolutionConfigurationPlatforms) = preSolution
		Debug|Any CPU = Debug|Any CPU
		Release|Any CPU = Release|Any CPU
	EndGlobalSection
	GlobalSection(ProjectConfigurationPlatforms) = postSolution
		{102DB724-596A-4DD1-BECC-2B4B730FA495}.Debug|Any CPU.ActiveCfg = Debug|Any CPU
		{102DB724-596A-4DD1-BECC-2B4B730FA495}.Debug|Any CPU.Build.0 = Debug|Any CPU
		{102DB724-596A-4DD1-BECC-2B4B730FA495}.Release|Any CPU.ActiveCfg = Release|Any CPU
		{102DB724-596A-4DD1-BECC-2B4B730FA495}.Release|Any CPU.Build.0 = Release|Any CPU
	EndGlobalSection
	GlobalSection(SolutionProperties) = preSolution
		HideSolutionNode = FALSE
	EndGlobalSection
	GlobalSection(ExtensibilityGlobals) = postSolution
		SolutionGuid = {4475D1C2-18C8-485F-8619-673352F9EEE9}
	EndGlobalSection
EndGlobal
