
Microsoft Visual Studio Solution File, Format Version 12.00
# Visual Studio Version 17
VisualStudioVersion = 17.14.36408.4 d17.14
MinimumVisualStudioVersion = 10.0.40219.1
Project("{FAE04EC0-301F-11D3-BF4B-00C04F79EFBC}") = "eLearning.Models.ViewModels", "eLearning.Models.ViewModels.csproj", "{5FADA64D-FAF9-4221-90A1-25DE164FD4CD}"
EndProject
Global
	GlobalSection(SolutionConfigurationPlatforms) = preSolution
		Debug|Any CPU = Debug|Any CPU
		Release|Any CPU = Release|Any CPU
	EndGlobalSection
	GlobalSection(ProjectConfigurationPlatforms) = postSolution
		{5FADA64D-FAF9-4221-90A1-25DE164FD4CD}.Debug|Any CPU.ActiveCfg = Debug|Any CPU
		{5FADA64D-FAF9-4221-90A1-25DE164FD4CD}.Debug|Any CPU.Build.0 = Debug|Any CPU
		{5FADA64D-FAF9-4221-90A1-25DE164FD4CD}.Release|Any CPU.ActiveCfg = Release|Any CPU
		{5FADA64D-FAF9-4221-90A1-25DE164FD4CD}.Release|Any CPU.Build.0 = Release|Any CPU
	EndGlobalSection
	GlobalSection(SolutionProperties) = preSolution
		HideSolutionNode = FALSE
	EndGlobalSection
	GlobalSection(ExtensibilityGlobals) = postSolution
		SolutionGuid = {4AB7DAA9-EBB8-417F-B75E-326C378794D7}
	EndGlobalSection
EndGlobal
